
Microsoft Visual Studio Solution File, Format Version 12.00
# Visual Studio 15
Project("{FAE04EC0-301F-11D3-BF4B-00C04F79EFBC}") = "Assembly-CSharp", "Assembly-CSharp.csproj", "{C39B0E17-659E-9160-3D99-0823AB5C1E17}"
EndProject
Project("{FAE04EC0-301F-11D3-BF4B-00C04F79EFBC}") = "Unity.XR.Interaction.Toolkit.Samples.DeviceSimulator", "Unity.XR.Interaction.Toolkit.Samples.DeviceSimulator.csproj", "{842C4480-0759-8698-EA93-34D58D578CB8}"
EndProject
Project("{FAE04EC0-301F-11D3-BF4B-00C04F79EFBC}") = "Unity.XR.Interaction.Toolkit.Samples.StarterAssets", "Unity.XR.Interaction.Toolkit.Samples.StarterAssets.csproj", "{320131B8-DD33-1D98-9975-1E5F4BC63B50}"
EndProject
Project("{FAE04EC0-301F-11D3-BF4B-00C04F79EFBC}") = "Unity.XR.Interaction.Toolkit.Samples.StarterAssets.Editor", "Unity.XR.Interaction.Toolkit.Samples.StarterAssets.Editor.csproj", "{48575BC2-75A3-3D48-F4ED-9F20C9F9D58B}"
EndProject
Project("{FAE04EC0-301F-11D3-BF4B-00C04F79EFBC}") = "Assembly-CSharp-Editor", "Assembly-CSharp-Editor.csproj", "{5FF45661-F5E7-072A-A155-0D0C426EA55A}"
EndProject
Global
	GlobalSection(SolutionConfigurationPlatforms) = preSolution
		Debug|Any CPU = Debug|Any CPU
		Release|Any CPU = Release|Any CPU
	EndGlobalSection
	GlobalSection(ProjectConfigurationPlatforms) = postSolution
		{C39B0E17-659E-9160-3D99-0823AB5C1E17}.Debug|Any CPU.ActiveCfg = Debug|Any CPU
		{C39B0E17-659E-9160-3D99-0823AB5C1E17}.Debug|Any CPU.Build.0 = Debug|Any CPU
		{C39B0E17-659E-9160-3D99-0823AB5C1E17}.Release|Any CPU.ActiveCfg = Release|Any CPU
		{C39B0E17-659E-9160-3D99-0823AB5C1E17}.Release|Any CPU.Build.0 = Release|Any CPU
		{842C4480-0759-8698-EA93-34D58D578CB8}.Debug|Any CPU.ActiveCfg = Debug|Any CPU
		{842C4480-0759-8698-EA93-34D58D578CB8}.Debug|Any CPU.Build.0 = Debug|Any CPU
		{842C4480-0759-8698-EA93-34D58D578CB8}.Release|Any CPU.ActiveCfg = Release|Any CPU
		{842C4480-0759-8698-EA93-34D58D578CB8}.Release|Any CPU.Build.0 = Release|Any CPU
		{320131B8-DD33-1D98-9975-1E5F4BC63B50}.Debug|Any CPU.ActiveCfg = Debug|Any CPU
		{320131B8-DD33-1D98-9975-1E5F4BC63B50}.Debug|Any CPU.Build.0 = Debug|Any CPU
		{320131B8-DD33-1D98-9975-1E5F4BC63B50}.Release|Any CPU.ActiveCfg = Release|Any CPU
		{320131B8-DD33-1D98-9975-1E5F4BC63B50}.Release|Any CPU.Build.0 = Release|Any CPU
		{48575BC2-75A3-3D48-F4ED-9F20C9F9D58B}.Debug|Any CPU.ActiveCfg = Debug|Any CPU
		{48575BC2-75A3-3D48-F4ED-9F20C9F9D58B}.Debug|Any CPU.Build.0 = Debug|Any CPU
		{48575BC2-75A3-3D48-F4ED-9F20C9F9D58B}.Release|Any CPU.ActiveCfg = Release|Any CPU
		{48575BC2-75A3-3D48-F4ED-9F20C9F9D58B}.Release|Any CPU.Build.0 = Release|Any CPU
		{5FF45661-F5E7-072A-A155-0D0C426EA55A}.Debug|Any CPU.ActiveCfg = Debug|Any CPU
		{5FF45661-F5E7-072A-A155-0D0C426EA55A}.Debug|Any CPU.Build.0 = Debug|Any CPU
		{5FF45661-F5E7-072A-A155-0D0C426EA55A}.Release|Any CPU.ActiveCfg = Release|Any CPU
		{5FF45661-F5E7-072A-A155-0D0C426EA55A}.Release|Any CPU.Build.0 = Release|Any CPU
	EndGlobalSection
	GlobalSection(SolutionProperties) = preSolution
		HideSolutionNode = FALSE
	EndGlobalSection
EndGlobal
